
Microsoft Visual Studio Solution File, Format Version 12.00
# Visual Studio Version 17
VisualStudioVersion = 17.6.33723.286
MinimumVisualStudioVersion = 10.0.40219.1
Project("{2150E333-8FDC-42A3-9474-1A3956D46DE8}") = "Microservices", "Microservices", "{71B73540-B42D-4AC8-8E9A-8F69F7B5C8FB}"
EndProject
Project("{9A19103F-16F7-4668-BE54-9A1E7A4F7556}") = "Stats.WebApi", "Stats.WebApi\Stats.WebApi.csproj", "{0626B01A-599C-4CE0-89BD-8DF7D54B6726}"
EndProject
Project("{9A19103F-16F7-4668-BE54-9A1E7A4F7556}") = "Teams.WebApi", "Teams.WebApi\Teams.WebApi.csproj", "{5A499410-3B20-4619-BF11-D0CB935AF463}"
EndProject
Project("{9A19103F-16F7-4668-BE54-9A1E7A4F7556}") = "Tournaments.WebApi", "Tournaments.WebApi\Tournaments.WebApi.csproj", "{D73DC5F1-8B84-4B3C-A7DA-0718C74DE1FF}"
EndProject
Project("{9A19103F-16F7-4668-BE54-9A1E7A4F7556}") = "Players.WebApi", "Players.WebApi\Players.WebApi.csproj", "{9BF73968-4872-434D-86A8-1D2E3D8C50E1}"
EndProject
Project("{2150E333-8FDC-42A3-9474-1A3956D46DE8}") = "DAL", "DAL", "{2B2F126E-3830-4FE3-B64A-9E6E5138681C}"
EndProject
Project("{2150E333-8FDC-42A3-9474-1A3956D46DE8}") = "Domain", "Domain", "{D1CF2566-3467-46E8-B2F4-BCD0AFC7740E}"
EndProject
Project("{2150E333-8FDC-42A3-9474-1A3956D46DE8}") = "Services", "Services", "{FFF0667E-EB35-4B33-A0AA-561EF1DDFC94}"
EndProject
Project("{2150E333-8FDC-42A3-9474-1A3956D46DE8}") = "Players.Domain", "Players.Domain", "{55A018FF-216A-4C34-B2B5-B4E7FA6B4006}"
EndProject
Project("{2150E333-8FDC-42A3-9474-1A3956D46DE8}") = "Stats.Domain", "Stats.Domain", "{C0E226D5-A29D-4CFF-8D7A-2916E70EA43B}"
EndProject
Project("{2150E333-8FDC-42A3-9474-1A3956D46DE8}") = "Teams.Domain", "Teams.Domain", "{EF97F7E5-BCDD-495D-BCF5-D985BA329930}"
EndProject
Project("{2150E333-8FDC-42A3-9474-1A3956D46DE8}") = "Tournaments.Domain", "Tournaments.Domain", "{17F0AB06-BFED-4D80-97B6-1B0C244D564A}"
EndProject
Project("{2150E333-8FDC-42A3-9474-1A3956D46DE8}") = "Players.Services", "Players.Services", "{78D2F471-B0AA-44D7-BABA-B21559564C00}"
EndProject
Project("{2150E333-8FDC-42A3-9474-1A3956D46DE8}") = "Stats.Services", "Stats.Services", "{882565EA-86BA-4D9A-93CF-F6F3E55AE198}"
EndProject
Project("{2150E333-8FDC-42A3-9474-1A3956D46DE8}") = "Teams.Services", "Teams.Services", "{F313F0DB-EA01-4E3A-A4F3-F27041B2295A}"
EndProject
Project("{2150E333-8FDC-42A3-9474-1A3956D46DE8}") = "Tournaments.Services", "Tournaments.Services", "{5E1D64FE-D77C-4F2B-A10D-A8267665EA03}"
EndProject
Project("{9A19103F-16F7-4668-BE54-9A1E7A4F7556}") = "eSports.Backend.DAL", "eSports.Backend.DAL\eSports.Backend.DAL.csproj", "{BD62EDE6-50B0-4B9B-BFD8-82C1FC6845D9}"
EndProject
Project("{9A19103F-16F7-4668-BE54-9A1E7A4F7556}") = "Players.Domain", "Player.Domain\Players.Domain.csproj", "{95E0ACF2-2C2F-4A63-8E51-766246F89CBD}"
EndProject
Project("{FAE04EC0-301F-11D3-BF4B-00C04F79EFBC}") = "Stats.Domain", "Stats.Domain\Stats.Domain.csproj", "{CCD7F0BD-6679-46D6-94B7-D618C034D7D4}"
EndProject
Project("{FAE04EC0-301F-11D3-BF4B-00C04F79EFBC}") = "Teams.Domain", "Teams.Domain\Teams.Domain.csproj", "{246AA4E5-9797-4A58-9C17-B451BBE3D768}"
EndProject
Project("{FAE04EC0-301F-11D3-BF4B-00C04F79EFBC}") = "Tournament.Domain", "Tournament.Domain\Tournament.Domain.csproj", "{A54D2812-A4D3-456B-B139-81F6FF513589}"
EndProject
Global
	GlobalSection(SolutionConfigurationPlatforms) = preSolution
		Debug|Any CPU = Debug|Any CPU
		Release|Any CPU = Release|Any CPU
	EndGlobalSection
	GlobalSection(ProjectConfigurationPlatforms) = postSolution
		{0626B01A-599C-4CE0-89BD-8DF7D54B6726}.Debug|Any CPU.ActiveCfg = Debug|Any CPU
		{0626B01A-599C-4CE0-89BD-8DF7D54B6726}.Debug|Any CPU.Build.0 = Debug|Any CPU
		{0626B01A-599C-4CE0-89BD-8DF7D54B6726}.Release|Any CPU.ActiveCfg = Release|Any CPU
		{0626B01A-599C-4CE0-89BD-8DF7D54B6726}.Release|Any CPU.Build.0 = Release|Any CPU
		{5A499410-3B20-4619-BF11-D0CB935AF463}.Debug|Any CPU.ActiveCfg = Debug|Any CPU
		{5A499410-3B20-4619-BF11-D0CB935AF463}.Debug|Any CPU.Build.0 = Debug|Any CPU
		{5A499410-3B20-4619-BF11-D0CB935AF463}.Release|Any CPU.ActiveCfg = Release|Any CPU
		{5A499410-3B20-4619-BF11-D0CB935AF463}.Release|Any CPU.Build.0 = Release|Any CPU
		{D73DC5F1-8B84-4B3C-A7DA-0718C74DE1FF}.Debug|Any CPU.ActiveCfg = Debug|Any CPU
		{D73DC5F1-8B84-4B3C-A7DA-0718C74DE1FF}.Debug|Any CPU.Build.0 = Debug|Any CPU
		{D73DC5F1-8B84-4B3C-A7DA-0718C74DE1FF}.Release|Any CPU.ActiveCfg = Release|Any CPU
		{D73DC5F1-8B84-4B3C-A7DA-0718C74DE1FF}.Release|Any CPU.Build.0 = Release|Any CPU
		{9BF73968-4872-434D-86A8-1D2E3D8C50E1}.Debug|Any CPU.ActiveCfg = Debug|Any CPU
		{9BF73968-4872-434D-86A8-1D2E3D8C50E1}.Debug|Any CPU.Build.0 = Debug|Any CPU
		{9BF73968-4872-434D-86A8-1D2E3D8C50E1}.Release|Any CPU.ActiveCfg = Release|Any CPU
		{9BF73968-4872-434D-86A8-1D2E3D8C50E1}.Release|Any CPU.Build.0 = Release|Any CPU
		{BD62EDE6-50B0-4B9B-BFD8-82C1FC6845D9}.Debug|Any CPU.ActiveCfg = Debug|Any CPU
		{BD62EDE6-50B0-4B9B-BFD8-82C1FC6845D9}.Debug|Any CPU.Build.0 = Debug|Any CPU
		{BD62EDE6-50B0-4B9B-BFD8-82C1FC6845D9}.Release|Any CPU.ActiveCfg = Release|Any CPU
		{BD62EDE6-50B0-4B9B-BFD8-82C1FC6845D9}.Release|Any CPU.Build.0 = Release|Any CPU
		{95E0ACF2-2C2F-4A63-8E51-766246F89CBD}.Debug|Any CPU.ActiveCfg = Debug|Any CPU
		{95E0ACF2-2C2F-4A63-8E51-766246F89CBD}.Debug|Any CPU.Build.0 = Debug|Any CPU
		{95E0ACF2-2C2F-4A63-8E51-766246F89CBD}.Release|Any CPU.ActiveCfg = Release|Any CPU
		{95E0ACF2-2C2F-4A63-8E51-766246F89CBD}.Release|Any CPU.Build.0 = Release|Any CPU
		{CCD7F0BD-6679-46D6-94B7-D618C034D7D4}.Debug|Any CPU.ActiveCfg = Debug|Any CPU
		{CCD7F0BD-6679-46D6-94B7-D618C034D7D4}.Debug|Any CPU.Build.0 = Debug|Any CPU
		{CCD7F0BD-6679-46D6-94B7-D618C034D7D4}.Release|Any CPU.ActiveCfg = Release|Any CPU
		{CCD7F0BD-6679-46D6-94B7-D618C034D7D4}.Release|Any CPU.Build.0 = Release|Any CPU
		{246AA4E5-9797-4A58-9C17-B451BBE3D768}.Debug|Any CPU.ActiveCfg = Debug|Any CPU
		{246AA4E5-9797-4A58-9C17-B451BBE3D768}.Debug|Any CPU.Build.0 = Debug|Any CPU
		{246AA4E5-9797-4A58-9C17-B451BBE3D768}.Release|Any CPU.ActiveCfg = Release|Any CPU
		{246AA4E5-9797-4A58-9C17-B451BBE3D768}.Release|Any CPU.Build.0 = Release|Any CPU
		{A54D2812-A4D3-456B-B139-81F6FF513589}.Debug|Any CPU.ActiveCfg = Debug|Any CPU
		{A54D2812-A4D3-456B-B139-81F6FF513589}.Debug|Any CPU.Build.0 = Debug|Any CPU
		{A54D2812-A4D3-456B-B139-81F6FF513589}.Release|Any CPU.ActiveCfg = Release|Any CPU
		{A54D2812-A4D3-456B-B139-81F6FF513589}.Release|Any CPU.Build.0 = Release|Any CPU
	EndGlobalSection
	GlobalSection(SolutionProperties) = preSolution
		HideSolutionNode = FALSE
	EndGlobalSection
	GlobalSection(NestedProjects) = preSolution
		{0626B01A-599C-4CE0-89BD-8DF7D54B6726} = {71B73540-B42D-4AC8-8E9A-8F69F7B5C8FB}
		{5A499410-3B20-4619-BF11-D0CB935AF463} = {71B73540-B42D-4AC8-8E9A-8F69F7B5C8FB}
		{D73DC5F1-8B84-4B3C-A7DA-0718C74DE1FF} = {71B73540-B42D-4AC8-8E9A-8F69F7B5C8FB}
		{9BF73968-4872-434D-86A8-1D2E3D8C50E1} = {71B73540-B42D-4AC8-8E9A-8F69F7B5C8FB}
		{55A018FF-216A-4C34-B2B5-B4E7FA6B4006} = {D1CF2566-3467-46E8-B2F4-BCD0AFC7740E}
		{C0E226D5-A29D-4CFF-8D7A-2916E70EA43B} = {D1CF2566-3467-46E8-B2F4-BCD0AFC7740E}
		{EF97F7E5-BCDD-495D-BCF5-D985BA329930} = {D1CF2566-3467-46E8-B2F4-BCD0AFC7740E}
		{17F0AB06-BFED-4D80-97B6-1B0C244D564A} = {D1CF2566-3467-46E8-B2F4-BCD0AFC7740E}
		{78D2F471-B0AA-44D7-BABA-B21559564C00} = {FFF0667E-EB35-4B33-A0AA-561EF1DDFC94}
		{882565EA-86BA-4D9A-93CF-F6F3E55AE198} = {FFF0667E-EB35-4B33-A0AA-561EF1DDFC94}
		{F313F0DB-EA01-4E3A-A4F3-F27041B2295A} = {FFF0667E-EB35-4B33-A0AA-561EF1DDFC94}
		{5E1D64FE-D77C-4F2B-A10D-A8267665EA03} = {FFF0667E-EB35-4B33-A0AA-561EF1DDFC94}
		{BD62EDE6-50B0-4B9B-BFD8-82C1FC6845D9} = {2B2F126E-3830-4FE3-B64A-9E6E5138681C}
		{95E0ACF2-2C2F-4A63-8E51-766246F89CBD} = {55A018FF-216A-4C34-B2B5-B4E7FA6B4006}
		{CCD7F0BD-6679-46D6-94B7-D618C034D7D4} = {C0E226D5-A29D-4CFF-8D7A-2916E70EA43B}
		{246AA4E5-9797-4A58-9C17-B451BBE3D768} = {EF97F7E5-BCDD-495D-BCF5-D985BA329930}
		{A54D2812-A4D3-456B-B139-81F6FF513589} = {17F0AB06-BFED-4D80-97B6-1B0C244D564A}
	EndGlobalSection
	GlobalSection(ExtensibilityGlobals) = postSolution
		SolutionGuid = {B012C7CC-BF43-4D74-A875-091E0B99F5A0}
	EndGlobalSection
EndGlobal
